
Microsoft Visual Studio Solution File, Format Version 12.00
# Visual Studio Version 17
VisualStudioVersion = 17.14.36518.9 d17.14
MinimumVisualStudioVersion = 10.0.40219.1
Project("{FAE04EC0-301F-11D3-BF4B-00C04F79EFBC}") = "I LOVE YOU", "I LOVE YOU\I LOVE YOU.csproj", "{6F34F8B7-EB85-4253-843E-2A0C481305B9}"
EndProject
Global
	GlobalSection(SolutionConfigurationPlatforms) = preSolution
		Debug|Any CPU = Debug|Any CPU
		Release|Any CPU = Release|Any CPU
	EndGlobalSection
	GlobalSection(ProjectConfigurationPlatforms) = postSolution
		{6F34F8B7-EB85-4253-843E-2A0C481305B9}.Debug|Any CPU.ActiveCfg = Debug|Any CPU
		{6F34F8B7-EB85-4253-843E-2A0C481305B9}.Debug|Any CPU.Build.0 = Debug|Any CPU
		{6F34F8B7-EB85-4253-843E-2A0C481305B9}.Release|Any CPU.ActiveCfg = Release|Any CPU
		{6F34F8B7-EB85-4253-843E-2A0C481305B9}.Release|Any CPU.Build.0 = Release|Any CPU
	EndGlobalSection
	GlobalSection(SolutionProperties) = preSolution
		HideSolutionNode = FALSE
	EndGlobalSection
	GlobalSection(ExtensibilityGlobals) = postSolution
		SolutionGuid = {238A8366-560B-4898-81C1-A2C5D64BAA62}
	EndGlobalSection
EndGlobal
